
Microsoft Visual Studio Solution File, Format Version 12.00
# Visual Studio Version 17
VisualStudioVersion = 17.0.31903.59
MinimumVisualStudioVersion = 10.0.40219.1
Project("{FAE04EC0-301F-11D3-BF4B-00C04F79EFBC}") = "RightSize", "RightSize\RightSize.csproj", "{231345EC-04DA-4123-AFCB-2FF4DC7D7E2C}"
EndProject
Project("{FAE04EC0-301F-11D3-BF4B-00C04F79EFBC}") = "ChangeString", "ChangeString\ChangeString.csproj", "{4CAC1F94-B982-4552-B215-CFF2448EB2D9}"
EndProject
Project("{FAE04EC0-301F-11D3-BF4B-00C04F79EFBC}") = "PowTwoUntil", "PowTwoUntil\PowTwoUntil.csproj", "{5465EB9B-D1A7-49E1-A12E-FD01A663F289}"
EndProject
Project("{FAE04EC0-301F-11D3-BF4B-00C04F79EFBC}") = "FamousQuotes", "FamousQuotes\FamousQuotes.csproj", "{849064C1-36F1-4C41-A4A2-E2EB0AB124C3}"
EndProject
Project("{FAE04EC0-301F-11D3-BF4B-00C04F79EFBC}") = "RPS", "RPS\RPS.csproj", "{BFED2B01-0891-4D5C-B76A-25F61EC6CEC8}"
EndProject
Project("{FAE04EC0-301F-11D3-BF4B-00C04F79EFBC}") = "HeroPerks", "HeroPerks\HeroPerks.csproj", "{A706BCA1-BFED-40DA-B5ED-B5BBA280314B}"
EndProject
Project("{FAE04EC0-301F-11D3-BF4B-00C04F79EFBC}") = "ArrayMult", "ArrayMult\ArrayMult.csproj", "{8FEC29EA-9453-4550-A9D8-5860A9D755C2}"
EndProject
Project("{FAE04EC0-301F-11D3-BF4B-00C04F79EFBC}") = "PlayerPowers", "PlayerPowers\PlayerPowers.csproj", "{4913C75D-F4F7-440A-8A3C-3F553E943FB8}"
EndProject
Global
	GlobalSection(SolutionConfigurationPlatforms) = preSolution
		Debug|Any CPU = Debug|Any CPU
		Release|Any CPU = Release|Any CPU
	EndGlobalSection
	GlobalSection(SolutionProperties) = preSolution
		HideSolutionNode = FALSE
	EndGlobalSection
	GlobalSection(ProjectConfigurationPlatforms) = postSolution
		{231345EC-04DA-4123-AFCB-2FF4DC7D7E2C}.Debug|Any CPU.ActiveCfg = Debug|Any CPU
		{231345EC-04DA-4123-AFCB-2FF4DC7D7E2C}.Debug|Any CPU.Build.0 = Debug|Any CPU
		{231345EC-04DA-4123-AFCB-2FF4DC7D7E2C}.Release|Any CPU.ActiveCfg = Release|Any CPU
		{231345EC-04DA-4123-AFCB-2FF4DC7D7E2C}.Release|Any CPU.Build.0 = Release|Any CPU
		{4CAC1F94-B982-4552-B215-CFF2448EB2D9}.Debug|Any CPU.ActiveCfg = Debug|Any CPU
		{4CAC1F94-B982-4552-B215-CFF2448EB2D9}.Debug|Any CPU.Build.0 = Debug|Any CPU
		{4CAC1F94-B982-4552-B215-CFF2448EB2D9}.Release|Any CPU.ActiveCfg = Release|Any CPU
		{4CAC1F94-B982-4552-B215-CFF2448EB2D9}.Release|Any CPU.Build.0 = Release|Any CPU
		{5465EB9B-D1A7-49E1-A12E-FD01A663F289}.Debug|Any CPU.ActiveCfg = Debug|Any CPU
		{5465EB9B-D1A7-49E1-A12E-FD01A663F289}.Debug|Any CPU.Build.0 = Debug|Any CPU
		{5465EB9B-D1A7-49E1-A12E-FD01A663F289}.Release|Any CPU.ActiveCfg = Release|Any CPU
		{5465EB9B-D1A7-49E1-A12E-FD01A663F289}.Release|Any CPU.Build.0 = Release|Any CPU
		{849064C1-36F1-4C41-A4A2-E2EB0AB124C3}.Debug|Any CPU.ActiveCfg = Debug|Any CPU
		{849064C1-36F1-4C41-A4A2-E2EB0AB124C3}.Debug|Any CPU.Build.0 = Debug|Any CPU
		{849064C1-36F1-4C41-A4A2-E2EB0AB124C3}.Release|Any CPU.ActiveCfg = Release|Any CPU
		{849064C1-36F1-4C41-A4A2-E2EB0AB124C3}.Release|Any CPU.Build.0 = Release|Any CPU
		{BFED2B01-0891-4D5C-B76A-25F61EC6CEC8}.Debug|Any CPU.ActiveCfg = Debug|Any CPU
		{BFED2B01-0891-4D5C-B76A-25F61EC6CEC8}.Debug|Any CPU.Build.0 = Debug|Any CPU
		{BFED2B01-0891-4D5C-B76A-25F61EC6CEC8}.Release|Any CPU.ActiveCfg = Release|Any CPU
		{BFED2B01-0891-4D5C-B76A-25F61EC6CEC8}.Release|Any CPU.Build.0 = Release|Any CPU
		{A706BCA1-BFED-40DA-B5ED-B5BBA280314B}.Debug|Any CPU.ActiveCfg = Debug|Any CPU
		{A706BCA1-BFED-40DA-B5ED-B5BBA280314B}.Debug|Any CPU.Build.0 = Debug|Any CPU
		{A706BCA1-BFED-40DA-B5ED-B5BBA280314B}.Release|Any CPU.ActiveCfg = Release|Any CPU
		{A706BCA1-BFED-40DA-B5ED-B5BBA280314B}.Release|Any CPU.Build.0 = Release|Any CPU
		{8FEC29EA-9453-4550-A9D8-5860A9D755C2}.Debug|Any CPU.ActiveCfg = Debug|Any CPU
		{8FEC29EA-9453-4550-A9D8-5860A9D755C2}.Debug|Any CPU.Build.0 = Debug|Any CPU
		{8FEC29EA-9453-4550-A9D8-5860A9D755C2}.Release|Any CPU.ActiveCfg = Release|Any CPU
		{8FEC29EA-9453-4550-A9D8-5860A9D755C2}.Release|Any CPU.Build.0 = Release|Any CPU
		{4913C75D-F4F7-440A-8A3C-3F553E943FB8}.Debug|Any CPU.ActiveCfg = Debug|Any CPU
		{4913C75D-F4F7-440A-8A3C-3F553E943FB8}.Debug|Any CPU.Build.0 = Debug|Any CPU
		{4913C75D-F4F7-440A-8A3C-3F553E943FB8}.Release|Any CPU.ActiveCfg = Release|Any CPU
		{4913C75D-F4F7-440A-8A3C-3F553E943FB8}.Release|Any CPU.Build.0 = Release|Any CPU
	EndGlobalSection
EndGlobal
